
Microsoft Visual Studio Solution File, Format Version 12.00
# Visual Studio Version 17
VisualStudioVersion = 17.10.35201.131
MinimumVisualStudioVersion = 10.0.40219.1
Project("{FAE04EC0-301F-11D3-BF4B-00C04F79EFBC}") = "Course", "Course\Course.csproj", "{33FE5D1A-1929-4E0A-AF73-DE03CA7A9C7E}"
EndProject
Global
	GlobalSection(SolutionConfigurationPlatforms) = preSolution
		Debug|Any CPU = Debug|Any CPU
		Release|Any CPU = Release|Any CPU
	EndGlobalSection
	GlobalSection(ProjectConfigurationPlatforms) = postSolution
		{33FE5D1A-1929-4E0A-AF73-DE03CA7A9C7E}.Debug|Any CPU.ActiveCfg = Debug|Any CPU
		{33FE5D1A-1929-4E0A-AF73-DE03CA7A9C7E}.Debug|Any CPU.Build.0 = Debug|Any CPU
		{33FE5D1A-1929-4E0A-AF73-DE03CA7A9C7E}.Release|Any CPU.ActiveCfg = Release|Any CPU
		{33FE5D1A-1929-4E0A-AF73-DE03CA7A9C7E}.Release|Any CPU.Build.0 = Release|Any CPU
	EndGlobalSection
	GlobalSection(SolutionProperties) = preSolution
		HideSolutionNode = FALSE
	EndGlobalSection
	GlobalSection(ExtensibilityGlobals) = postSolution
		SolutionGuid = {860190EF-CC74-46E2-B845-709173CE73DF}
	EndGlobalSection
EndGlobal
